
Microsoft Visual Studio Solution File, Format Version 12.00
# Visual Studio Version 16
VisualStudioVersion = 16.0.29215.179
MinimumVisualStudioVersion = 10.0.40219.1
Project("{FAE04EC0-301F-11D3-BF4B-00C04F79EFBC}") = "Presentacion", "ESBA\Presentacion.csproj", "{C3313CD1-DC56-4F4B-81C5-FE94D6CAA2EB}"
EndProject
Project("{FAE04EC0-301F-11D3-BF4B-00C04F79EFBC}") = "Datos", "Datos\Datos.csproj", "{32FC011E-AF57-41FF-A8C7-D63281560598}"
EndProject
Global
	GlobalSection(SolutionConfigurationPlatforms) = preSolution
		Debug|Any CPU = Debug|Any CPU
		Release|Any CPU = Release|Any CPU
	EndGlobalSection
	GlobalSection(ProjectConfigurationPlatforms) = postSolution
		{C3313CD1-DC56-4F4B-81C5-FE94D6CAA2EB}.Debug|Any CPU.ActiveCfg = Debug|Any CPU
		{C3313CD1-DC56-4F4B-81C5-FE94D6CAA2EB}.Debug|Any CPU.Build.0 = Debug|Any CPU
		{C3313CD1-DC56-4F4B-81C5-FE94D6CAA2EB}.Release|Any CPU.ActiveCfg = Release|Any CPU
		{C3313CD1-DC56-4F4B-81C5-FE94D6CAA2EB}.Release|Any CPU.Build.0 = Release|Any CPU
		{32FC011E-AF57-41FF-A8C7-D63281560598}.Debug|Any CPU.ActiveCfg = Debug|Any CPU
		{32FC011E-AF57-41FF-A8C7-D63281560598}.Debug|Any CPU.Build.0 = Debug|Any CPU
		{32FC011E-AF57-41FF-A8C7-D63281560598}.Release|Any CPU.ActiveCfg = Release|Any CPU
		{32FC011E-AF57-41FF-A8C7-D63281560598}.Release|Any CPU.Build.0 = Release|Any CPU
	EndGlobalSection
	GlobalSection(SolutionProperties) = preSolution
		HideSolutionNode = FALSE
	EndGlobalSection
	GlobalSection(ExtensibilityGlobals) = postSolution
		SolutionGuid = {68E4902B-CFA2-465C-8388-4B945C26AF00}
	EndGlobalSection
EndGlobal
